
Microsoft Visual Studio Solution File, Format Version 12.00
# Visual Studio Version 17
VisualStudioVersion = 17.14.36301.6 d17.14
MinimumVisualStudioVersion = 10.0.40219.1
Project("{8BC9CEB8-8B4A-11D0-8D11-00A0C91BC942}") = "LAB0701", "LAB0701.vcxproj", "{1BDD625F-BC33-4688-A1D6-698F0B59B6AE}"
EndProject
Project("{8BC9CEB8-8B4A-11D0-8D11-00A0C91BC942}") = "LAB0702", "..\LAB0702\LAB0702.vcxproj", "{B11C0ED5-61AE-4FA6-8C2F-1C2C179877CB}"
EndProject
Project("{8BC9CEB8-8B4A-11D0-8D11-00A0C91BC942}") = "LAB0703", "..\LAB0703\LAB0703.vcxproj", "{9E79E7C5-F3C6-40BF-89C0-026B388B9E41}"
EndProject
Project("{8BC9CEB8-8B4A-11D0-8D11-00A0C91BC942}") = "LAB0704", "..\LAB0704\LAB0704.vcxproj", "{9916978C-C804-450A-A1D7-2B2350ED78C7}"
EndProject
Project("{8BC9CEB8-8B4A-11D0-8D11-00A0C91BC942}") = "LAB0705", "..\LAB0705\LAB0705.vcxproj", "{6902CBBD-5698-4FBD-9A2B-367038D9A5AB}"
EndProject
Project("{8BC9CEB8-8B4A-11D0-8D11-00A0C91BC942}") = "LAB0707", "..\LAB0707\LAB0707.vcxproj", "{DDF040E4-AD9C-414F-937C-DB56FC806665}"
EndProject
Global
	GlobalSection(SolutionConfigurationPlatforms) = preSolution
		Debug|x64 = Debug|x64
		Debug|x86 = Debug|x86
		Release|x64 = Release|x64
		Release|x86 = Release|x86
	EndGlobalSection
	GlobalSection(ProjectConfigurationPlatforms) = postSolution
		{1BDD625F-BC33-4688-A1D6-698F0B59B6AE}.Debug|x64.ActiveCfg = Debug|x64
		{1BDD625F-BC33-4688-A1D6-698F0B59B6AE}.Debug|x64.Build.0 = Debug|x64
		{1BDD625F-BC33-4688-A1D6-698F0B59B6AE}.Debug|x86.ActiveCfg = Debug|Win32
		{1BDD625F-BC33-4688-A1D6-698F0B59B6AE}.Debug|x86.Build.0 = Debug|Win32
		{1BDD625F-BC33-4688-A1D6-698F0B59B6AE}.Release|x64.ActiveCfg = Release|x64
		{1BDD625F-BC33-4688-A1D6-698F0B59B6AE}.Release|x64.Build.0 = Release|x64
		{1BDD625F-BC33-4688-A1D6-698F0B59B6AE}.Release|x86.ActiveCfg = Release|Win32
		{1BDD625F-BC33-4688-A1D6-698F0B59B6AE}.Release|x86.Build.0 = Release|Win32
		{B11C0ED5-61AE-4FA6-8C2F-1C2C179877CB}.Debug|x64.ActiveCfg = Debug|x64
		{B11C0ED5-61AE-4FA6-8C2F-1C2C179877CB}.Debug|x64.Build.0 = Debug|x64
		{B11C0ED5-61AE-4FA6-8C2F-1C2C179877CB}.Debug|x86.ActiveCfg = Debug|Win32
		{B11C0ED5-61AE-4FA6-8C2F-1C2C179877CB}.Debug|x86.Build.0 = Debug|Win32
		{B11C0ED5-61AE-4FA6-8C2F-1C2C179877CB}.Release|x64.ActiveCfg = Release|x64
		{B11C0ED5-61AE-4FA6-8C2F-1C2C179877CB}.Release|x64.Build.0 = Release|x64
		{B11C0ED5-61AE-4FA6-8C2F-1C2C179877CB}.Release|x86.ActiveCfg = Release|Win32
		{B11C0ED5-61AE-4FA6-8C2F-1C2C179877CB}.Release|x86.Build.0 = Release|Win32
		{9E79E7C5-F3C6-40BF-89C0-026B388B9E41}.Debug|x64.ActiveCfg = Debug|x64
		{9E79E7C5-F3C6-40BF-89C0-026B388B9E41}.Debug|x64.Build.0 = Debug|x64
		{9E79E7C5-F3C6-40BF-89C0-026B388B9E41}.Debug|x86.ActiveCfg = Debug|Win32
		{9E79E7C5-F3C6-40BF-89C0-026B388B9E41}.Debug|x86.Build.0 = Debug|Win32
		{9E79E7C5-F3C6-40BF-89C0-026B388B9E41}.Release|x64.ActiveCfg = Release|x64
		{9E79E7C5-F3C6-40BF-89C0-026B388B9E41}.Release|x64.Build.0 = Release|x64
		{9E79E7C5-F3C6-40BF-89C0-026B388B9E41}.Release|x86.ActiveCfg = Release|Win32
		{9E79E7C5-F3C6-40BF-89C0-026B388B9E41}.Release|x86.Build.0 = Release|Win32
		{9916978C-C804-450A-A1D7-2B2350ED78C7}.Debug|x64.ActiveCfg = Debug|x64
		{9916978C-C804-450A-A1D7-2B2350ED78C7}.Debug|x64.Build.0 = Debug|x64
		{9916978C-C804-450A-A1D7-2B2350ED78C7}.Debug|x86.ActiveCfg = Debug|Win32
		{9916978C-C804-450A-A1D7-2B2350ED78C7}.Debug|x86.Build.0 = Debug|Win32
		{9916978C-C804-450A-A1D7-2B2350ED78C7}.Release|x64.ActiveCfg = Release|x64
		{9916978C-C804-450A-A1D7-2B2350ED78C7}.Release|x64.Build.0 = Release|x64
		{9916978C-C804-450A-A1D7-2B2350ED78C7}.Release|x86.ActiveCfg = Release|Win32
		{9916978C-C804-450A-A1D7-2B2350ED78C7}.Release|x86.Build.0 = Release|Win32
		{6902CBBD-5698-4FBD-9A2B-367038D9A5AB}.Debug|x64.ActiveCfg = Debug|x64
		{6902CBBD-5698-4FBD-9A2B-367038D9A5AB}.Debug|x64.Build.0 = Debug|x64
		{6902CBBD-5698-4FBD-9A2B-367038D9A5AB}.Debug|x86.ActiveCfg = Debug|Win32
		{6902CBBD-5698-4FBD-9A2B-367038D9A5AB}.Debug|x86.Build.0 = Debug|Win32
		{6902CBBD-5698-4FBD-9A2B-367038D9A5AB}.Release|x64.ActiveCfg = Release|x64
		{6902CBBD-5698-4FBD-9A2B-367038D9A5AB}.Release|x64.Build.0 = Release|x64
		{6902CBBD-5698-4FBD-9A2B-367038D9A5AB}.Release|x86.ActiveCfg = Release|Win32
		{6902CBBD-5698-4FBD-9A2B-367038D9A5AB}.Release|x86.Build.0 = Release|Win32
		{DDF040E4-AD9C-414F-937C-DB56FC806665}.Debug|x64.ActiveCfg = Debug|x64
		{DDF040E4-AD9C-414F-937C-DB56FC806665}.Debug|x64.Build.0 = Debug|x64
		{DDF040E4-AD9C-414F-937C-DB56FC806665}.Debug|x86.ActiveCfg = Debug|Win32
		{DDF040E4-AD9C-414F-937C-DB56FC806665}.Debug|x86.Build.0 = Debug|Win32
		{DDF040E4-AD9C-414F-937C-DB56FC806665}.Release|x64.ActiveCfg = Release|x64
		{DDF040E4-AD9C-414F-937C-DB56FC806665}.Release|x64.Build.0 = Release|x64
		{DDF040E4-AD9C-414F-937C-DB56FC806665}.Release|x86.ActiveCfg = Release|Win32
		{DDF040E4-AD9C-414F-937C-DB56FC806665}.Release|x86.Build.0 = Release|Win32
	EndGlobalSection
	GlobalSection(SolutionProperties) = preSolution
		HideSolutionNode = FALSE
	EndGlobalSection
	GlobalSection(ExtensibilityGlobals) = postSolution
		SolutionGuid = {AF45DC1D-E7E7-416D-A5A3-BE7B5EBFFE69}
	EndGlobalSection
EndGlobal
