
Microsoft Visual Studio Solution File, Format Version 12.00
# Visual Studio Version 17
VisualStudioVersion = 17.10.34928.147
MinimumVisualStudioVersion = 10.0.40219.1
Project("{8BC9CEB8-8B4A-11D0-8D11-00A0C91BC942}") = "LAB08_01", "LAB08_01.vcxproj", "{AEB7766D-5ABF-4D08-8113-2C5D3DD87DD4}"
EndProject
Project("{8BC9CEB8-8B4A-11D0-8D11-00A0C91BC942}") = "LAB08_02", "..\LAB08_02\LAB08_02.vcxproj", "{F0EB0EB0-8279-4CD6-ABB6-91753A81B554}"
EndProject
Project("{8BC9CEB8-8B4A-11D0-8D11-00A0C91BC942}") = "LAB08_03", "..\LAB08_03\LAB08_03.vcxproj", "{AB480F9C-8951-4816-B2C9-291556213DE4}"
EndProject
Project("{8BC9CEB8-8B4A-11D0-8D11-00A0C91BC942}") = "LAB08_04", "..\LAB08_04\LAB08_04.vcxproj", "{C28FBA28-1C05-406D-93DC-49716E8DEA44}"
EndProject
Project("{8BC9CEB8-8B4A-11D0-8D11-00A0C91BC942}") = "LAB08_05", "..\LAB08_05\LAB08_05.vcxproj", "{47B0F3EE-A11B-432B-8D6B-0AE588871B19}"
EndProject
Project("{8BC9CEB8-8B4A-11D0-8D11-00A0C91BC942}") = "LAB08_06", "..\LAB08_06\LAB08_06.vcxproj", "{191A66A3-7E69-4A5B-AF64-A2471046708B}"
EndProject
Project("{8BC9CEB8-8B4A-11D0-8D11-00A0C91BC942}") = "0807", "..\0807\0807.vcxproj", "{36291237-BE12-42E0-99BC-FFAEDE6BC25C}"
EndProject
Global
	GlobalSection(SolutionConfigurationPlatforms) = preSolution
		Debug|x64 = Debug|x64
		Debug|x86 = Debug|x86
		Release|x64 = Release|x64
		Release|x86 = Release|x86
	EndGlobalSection
	GlobalSection(ProjectConfigurationPlatforms) = postSolution
		{AEB7766D-5ABF-4D08-8113-2C5D3DD87DD4}.Debug|x64.ActiveCfg = Debug|x64
		{AEB7766D-5ABF-4D08-8113-2C5D3DD87DD4}.Debug|x64.Build.0 = Debug|x64
		{AEB7766D-5ABF-4D08-8113-2C5D3DD87DD4}.Debug|x86.ActiveCfg = Debug|Win32
		{AEB7766D-5ABF-4D08-8113-2C5D3DD87DD4}.Debug|x86.Build.0 = Debug|Win32
		{AEB7766D-5ABF-4D08-8113-2C5D3DD87DD4}.Release|x64.ActiveCfg = Release|x64
		{AEB7766D-5ABF-4D08-8113-2C5D3DD87DD4}.Release|x64.Build.0 = Release|x64
		{AEB7766D-5ABF-4D08-8113-2C5D3DD87DD4}.Release|x86.ActiveCfg = Release|Win32
		{AEB7766D-5ABF-4D08-8113-2C5D3DD87DD4}.Release|x86.Build.0 = Release|Win32
		{F0EB0EB0-8279-4CD6-ABB6-91753A81B554}.Debug|x64.ActiveCfg = Debug|x64
		{F0EB0EB0-8279-4CD6-ABB6-91753A81B554}.Debug|x64.Build.0 = Debug|x64
		{F0EB0EB0-8279-4CD6-ABB6-91753A81B554}.Debug|x86.ActiveCfg = Debug|Win32
		{F0EB0EB0-8279-4CD6-ABB6-91753A81B554}.Debug|x86.Build.0 = Debug|Win32
		{F0EB0EB0-8279-4CD6-ABB6-91753A81B554}.Release|x64.ActiveCfg = Release|x64
		{F0EB0EB0-8279-4CD6-ABB6-91753A81B554}.Release|x64.Build.0 = Release|x64
		{F0EB0EB0-8279-4CD6-ABB6-91753A81B554}.Release|x86.ActiveCfg = Release|Win32
		{F0EB0EB0-8279-4CD6-ABB6-91753A81B554}.Release|x86.Build.0 = Release|Win32
		{AB480F9C-8951-4816-B2C9-291556213DE4}.Debug|x64.ActiveCfg = Debug|x64
		{AB480F9C-8951-4816-B2C9-291556213DE4}.Debug|x64.Build.0 = Debug|x64
		{AB480F9C-8951-4816-B2C9-291556213DE4}.Debug|x86.ActiveCfg = Debug|Win32
		{AB480F9C-8951-4816-B2C9-291556213DE4}.Debug|x86.Build.0 = Debug|Win32
		{AB480F9C-8951-4816-B2C9-291556213DE4}.Release|x64.ActiveCfg = Release|x64
		{AB480F9C-8951-4816-B2C9-291556213DE4}.Release|x64.Build.0 = Release|x64
		{AB480F9C-8951-4816-B2C9-291556213DE4}.Release|x86.ActiveCfg = Release|Win32
		{AB480F9C-8951-4816-B2C9-291556213DE4}.Release|x86.Build.0 = Release|Win32
		{C28FBA28-1C05-406D-93DC-49716E8DEA44}.Debug|x64.ActiveCfg = Debug|x64
		{C28FBA28-1C05-406D-93DC-49716E8DEA44}.Debug|x64.Build.0 = Debug|x64
		{C28FBA28-1C05-406D-93DC-49716E8DEA44}.Debug|x86.ActiveCfg = Debug|Win32
		{C28FBA28-1C05-406D-93DC-49716E8DEA44}.Debug|x86.Build.0 = Debug|Win32
		{C28FBA28-1C05-406D-93DC-49716E8DEA44}.Release|x64.ActiveCfg = Release|x64
		{C28FBA28-1C05-406D-93DC-49716E8DEA44}.Release|x64.Build.0 = Release|x64
		{C28FBA28-1C05-406D-93DC-49716E8DEA44}.Release|x86.ActiveCfg = Release|Win32
		{C28FBA28-1C05-406D-93DC-49716E8DEA44}.Release|x86.Build.0 = Release|Win32
		{47B0F3EE-A11B-432B-8D6B-0AE588871B19}.Debug|x64.ActiveCfg = Debug|x64
		{47B0F3EE-A11B-432B-8D6B-0AE588871B19}.Debug|x64.Build.0 = Debug|x64
		{47B0F3EE-A11B-432B-8D6B-0AE588871B19}.Debug|x86.ActiveCfg = Debug|Win32
		{47B0F3EE-A11B-432B-8D6B-0AE588871B19}.Debug|x86.Build.0 = Debug|Win32
		{47B0F3EE-A11B-432B-8D6B-0AE588871B19}.Release|x64.ActiveCfg = Release|x64
		{47B0F3EE-A11B-432B-8D6B-0AE588871B19}.Release|x64.Build.0 = Release|x64
		{47B0F3EE-A11B-432B-8D6B-0AE588871B19}.Release|x86.ActiveCfg = Release|Win32
		{47B0F3EE-A11B-432B-8D6B-0AE588871B19}.Release|x86.Build.0 = Release|Win32
		{191A66A3-7E69-4A5B-AF64-A2471046708B}.Debug|x64.ActiveCfg = Debug|x64
		{191A66A3-7E69-4A5B-AF64-A2471046708B}.Debug|x64.Build.0 = Debug|x64
		{191A66A3-7E69-4A5B-AF64-A2471046708B}.Debug|x86.ActiveCfg = Debug|Win32
		{191A66A3-7E69-4A5B-AF64-A2471046708B}.Debug|x86.Build.0 = Debug|Win32
		{191A66A3-7E69-4A5B-AF64-A2471046708B}.Release|x64.ActiveCfg = Release|x64
		{191A66A3-7E69-4A5B-AF64-A2471046708B}.Release|x64.Build.0 = Release|x64
		{191A66A3-7E69-4A5B-AF64-A2471046708B}.Release|x86.ActiveCfg = Release|Win32
		{191A66A3-7E69-4A5B-AF64-A2471046708B}.Release|x86.Build.0 = Release|Win32
		{36291237-BE12-42E0-99BC-FFAEDE6BC25C}.Debug|x64.ActiveCfg = Debug|x64
		{36291237-BE12-42E0-99BC-FFAEDE6BC25C}.Debug|x64.Build.0 = Debug|x64
		{36291237-BE12-42E0-99BC-FFAEDE6BC25C}.Debug|x86.ActiveCfg = Debug|Win32
		{36291237-BE12-42E0-99BC-FFAEDE6BC25C}.Debug|x86.Build.0 = Debug|Win32
		{36291237-BE12-42E0-99BC-FFAEDE6BC25C}.Release|x64.ActiveCfg = Release|x64
		{36291237-BE12-42E0-99BC-FFAEDE6BC25C}.Release|x64.Build.0 = Release|x64
		{36291237-BE12-42E0-99BC-FFAEDE6BC25C}.Release|x86.ActiveCfg = Release|Win32
		{36291237-BE12-42E0-99BC-FFAEDE6BC25C}.Release|x86.Build.0 = Release|Win32
	EndGlobalSection
	GlobalSection(SolutionProperties) = preSolution
		HideSolutionNode = FALSE
	EndGlobalSection
	GlobalSection(ExtensibilityGlobals) = postSolution
		SolutionGuid = {35644707-327A-45E8-A0A3-37CCC4CB410E}
	EndGlobalSection
EndGlobal
